
Microsoft Visual Studio Solution File, Format Version 12.00
# Visual Studio Version 16
VisualStudioVersion = 16.0.32126.315
MinimumVisualStudioVersion = 10.0.40219.1
Project("{8BC9CEB8-8B4A-11D0-8D11-00A0C91BC942}") = "NaturalMergeOnFourFiles", "NaturalMergeOnFourFiles.vcxproj", "{975E150A-65BB-419C-96AB-E1CC319F822F}"
EndProject
Global
	GlobalSection(SolutionConfigurationPlatforms) = preSolution
		Debug|x64 = Debug|x64
		Debug|x86 = Debug|x86
		Release|x64 = Release|x64
		Release|x86 = Release|x86
	EndGlobalSection
	GlobalSection(ProjectConfigurationPlatforms) = postSolution
		{975E150A-65BB-419C-96AB-E1CC319F822F}.Debug|x64.ActiveCfg = Debug|x64
		{975E150A-65BB-419C-96AB-E1CC319F822F}.Debug|x64.Build.0 = Debug|x64
		{975E150A-65BB-419C-96AB-E1CC319F822F}.Debug|x86.ActiveCfg = Debug|Win32
		{975E150A-65BB-419C-96AB-E1CC319F822F}.Debug|x86.Build.0 = Debug|Win32
		{975E150A-65BB-419C-96AB-E1CC319F822F}.Release|x64.ActiveCfg = Release|x64
		{975E150A-65BB-419C-96AB-E1CC319F822F}.Release|x64.Build.0 = Release|x64
		{975E150A-65BB-419C-96AB-E1CC319F822F}.Release|x86.ActiveCfg = Release|Win32
		{975E150A-65BB-419C-96AB-E1CC319F822F}.Release|x86.Build.0 = Release|Win32
	EndGlobalSection
	GlobalSection(SolutionProperties) = preSolution
		HideSolutionNode = FALSE
	EndGlobalSection
	GlobalSection(ExtensibilityGlobals) = postSolution
		SolutionGuid = {19A09F99-7B4C-4F59-8509-D853802A20A7}
	EndGlobalSection
EndGlobal
